
Microsoft Visual Studio Solution File, Format Version 12.00
Project("{FAE04EC0-301F-11D3-BF4B-00C04F79EFBC}") = "rest-api-sri", "rest-api-sri\rest-api-sri.csproj", "{291D9CF2-71FF-4A9E-BA83-0BDD5350CC54}"
EndProject
Global
	GlobalSection(SolutionConfigurationPlatforms) = preSolution
		Debug|Any CPU = Debug|Any CPU
		Release|Any CPU = Release|Any CPU
	EndGlobalSection
	GlobalSection(ProjectConfigurationPlatforms) = postSolution
		{291D9CF2-71FF-4A9E-BA83-0BDD5350CC54}.Debug|Any CPU.ActiveCfg = Debug|Any CPU
		{291D9CF2-71FF-4A9E-BA83-0BDD5350CC54}.Debug|Any CPU.Build.0 = Debug|Any CPU
		{291D9CF2-71FF-4A9E-BA83-0BDD5350CC54}.Release|Any CPU.ActiveCfg = Release|Any CPU
		{291D9CF2-71FF-4A9E-BA83-0BDD5350CC54}.Release|Any CPU.Build.0 = Release|Any CPU
	EndGlobalSection
EndGlobal
